// !$*UTF8*$!
{
	archiveVersion = 1;
	classes = {
	};
	objectVersion = 50;
	objects = {

/* Begin PBXBuildFile section */
		3A5C4406231573FB004442E4 /* AppDelegate.swift in Sources */ = {isa = PBXBuildFile; fileRef = 3A5C4405231573FB004442E4 /* AppDelegate.swift */; };
		3A5C4408231573FB004442E4 /* ViewController.swift in Sources */ = {isa = PBXBuildFile; fileRef = 3A5C4407231573FB004442E4 /* ViewController.swift */; };
		3A5C440D231573FC004442E4 /* Assets.xcassets in Resources */ = {isa = PBXBuildFile; fileRef = 3A5C440C231573FC004442E4 /* Assets.xcassets */; };
		3A5C4410231573FC004442E4 /* LaunchScreen.storyboard in Resources */ = {isa = PBXBuildFile; fileRef = 3A5C440E231573FC004442E4 /* LaunchScreen.storyboard */; };
		3A5C4418231577B6004442E4 /* ListItem.swift in Sources */ = {isa = PBXBuildFile; fileRef = 3A5C4417231577B6004442E4 /* ListItem.swift */; };
		3A5C441A23157893004442E4 /* TableViewCell.swift in Sources */ = {isa = PBXBuildFile; fileRef = 3A5C441923157893004442E4 /* TableViewCell.swift */; };
		3A5C441C23157903004442E4 /* CollectionItem.swift in Sources */ = {isa = PBXBuildFile; fileRef = 3A5C441B23157903004442E4 /* CollectionItem.swift */; };
		3A5C441E23157BD4004442E4 /* CollectionViewCell.swift in Sources */ = {isa = PBXBuildFile; fileRef = 3A5C441D23157BD4004442E4 /* CollectionViewCell.swift */; };
		3A5C44202315A4F8004442E4 /* DynamicCollectionView.swift in Sources */ = {isa = PBXBuildFile; fileRef = 3A5C441F2315A4F8004442E4 /* DynamicCollectionView.swift */; };
/* End PBXBuildFile section */

/* Begin PBXFileReference section */
		3A5C4402231573FB004442E4 /* TableWithCollection.app */ = {isa = PBXFileReference; explicitFileType = wrapper.application; includeInIndex = 0; path = TableWithCollection.app; sourceTree = BUILT_PRODUCTS_DIR; };
		3A5C4405231573FB004442E4 /* AppDelegate.swift */ = {isa = PBXFileReference; lastKnownFileType = sourcecode.swift; path = AppDelegate.swift; sourceTree = "<group>"; };
		3A5C4407231573FB004442E4 /* ViewController.swift */ = {isa = PBXFileReference; lastKnownFileType = sourcecode.swift; path = ViewController.swift; sourceTree = "<group>"; };
		3A5C440C231573FC004442E4 /* Assets.xcassets */ = {isa = PBXFileReference; lastKnownFileType = folder.assetcatalog; path = Assets.xcassets; sourceTree = "<group>"; };
		3A5C440F231573FC004442E4 /* Base */ = {isa = PBXFileReference; lastKnownFileType = file.storyboard; name = Base; path = Base.lproj/LaunchScreen.storyboard; sourceTree = "<group>"; };
		3A5C4411231573FC004442E4 /* Info.plist */ = {isa = PBXFileReference; lastKnownFileType = text.plist.xml; path = Info.plist; sourceTree = "<group>"; };
		3A5C4417231577B6004442E4 /* ListItem.swift */ = {isa = PBXFileReference; lastKnownFileType = sourcecode.swift; path = ListItem.swift; sourceTree = "<group>"; };
		3A5C441923157893004442E4 /* TableViewCell.swift */ = {isa = PBXFileReference; fileEncoding = 4; lastKnownFileType = sourcecode.swift; path = TableViewCell.swift; sourceTree = "<group>"; };
		3A5C441B23157903004442E4 /* CollectionItem.swift */ = {isa = PBXFileReference; fileEncoding = 4; lastKnownFileType = sourcecode.swift; path = CollectionItem.swift; sourceTree = "<group>"; };
		3A5C441D23157BD4004442E4 /* CollectionViewCell.swift */ = {isa = PBXFileReference; fileEncoding = 4; lastKnownFileType = sourcecode.swift; path = CollectionViewCell.swift; sourceTree = "<group>"; };
		3A5C441F2315A4F8004442E4 /* DynamicCollectionView.swift */ = {isa = PBXFileReference; lastKnownFileType = sourcecode.swift; path = DynamicCollectionView.swift; sourceTree = "<group>"; };
/* End PBXFileReference section */

/* Begin PBXFrameworksBuildPhase section */
		3A5C43FF231573FB004442E4 /* Frameworks */ = {
			isa = PBXFrameworksBuildPhase;
			buildActionMask = 2147483647;
			files = (
			);
			runOnlyForDeploymentPostprocessing = 0;
		};
/* End PBXFrameworksBuildPhase section */

/* Begin PBXGroup section */
		3A5C43F9231573FB004442E4 = {
			isa = PBXGroup;
			children = (
				3A5C4404231573FB004442E4 /* TableWithCollection */,
				3A5C4403231573FB004442E4 /* Products */,
			);
			sourceTree = "<group>";
		};
		3A5C4403231573FB004442E4 /* Products */ = {
			isa = PBXGroup;
			children = (
				3A5C4402231573FB004442E4 /* TableWithCollection.app */,
			);
			name = Products;
			sourceTree = "<group>";
		};
		3A5C4404231573FB004442E4 /* TableWithCollection */ = {
			isa = PBXGroup;
			children = (
				3A5C4405231573FB004442E4 /* AppDelegate.swift */,
				3A5C440C231573FC004442E4 /* Assets.xcassets */,
				3A5C441B23157903004442E4 /* CollectionItem.swift */,
				3A5C441D23157BD4004442E4 /* CollectionViewCell.swift */,
				3A5C441F2315A4F8004442E4 /* DynamicCollectionView.swift */,
				3A5C4411231573FC004442E4 /* Info.plist */,
				3A5C440E231573FC004442E4 /* LaunchScreen.storyboard */,
				3A5C4417231577B6004442E4 /* ListItem.swift */,
				3A5C441923157893004442E4 /* TableViewCell.swift */,
				3A5C4407231573FB004442E4 /* ViewController.swift */,
			);
			path = TableWithCollection;
			sourceTree = "<group>";
		};
/* End PBXGroup section */

/* Begin PBXNativeTarget section */
		3A5C4401231573FB004442E4 /* TableWithCollection */ = {
			isa = PBXNativeTarget;
			buildConfigurationList = 3A5C4414231573FC004442E4 /* Build configuration list for PBXNativeTarget "TableWithCollection" */;
			buildPhases = (
				3A5C43FE231573FB004442E4 /* Sources */,
				3A5C43FF231573FB004442E4 /* Frameworks */,
				3A5C4400231573FB004442E4 /* Resources */,
			);
			buildRules = (
			);
			dependencies = (
			);
			name = TableWithCollection;
			productName = TableWithCollection;
			productReference = 3A5C4402231573FB004442E4 /* TableWithCollection.app */;
			productType = "com.apple.product-type.application";
		};
/* End PBXNativeTarget section */

/* Begin PBXProject section */
		3A5C43FA231573FB004442E4 /* Project object */ = {
			isa = PBXProject;
			attributes = {
				LastSwiftUpdateCheck = 1030;
				LastUpgradeCheck = 1030;
				ORGANIZATIONNAME = "PRSoluções";
				TargetAttributes = {
					3A5C4401231573FB004442E4 = {
						CreatedOnToolsVersion = 10.3;
					};
				};
			};
			buildConfigurationList = 3A5C43FD231573FB004442E4 /* Build configuration list for PBXProject "TableWithCollection" */;
			compatibilityVersion = "Xcode 9.3";
			developmentRegion = en;
			hasScannedForEncodings = 0;
			knownRegions = (
				en,
				Base,
			);
			mainGroup = 3A5C43F9231573FB004442E4;
			productRefGroup = 3A5C4403231573FB004442E4 /* Products */;
			projectDirPath = "";
			projectRoot = "";
			targets = (
				3A5C4401231573FB004442E4 /* TableWithCollection */,
			);
		};
/* End PBXProject section */

/* Begin PBXResourcesBuildPhase section */
		3A5C4400231573FB004442E4 /* Resources */ = {
			isa = PBXResourcesBuildPhase;
			buildActionMask = 2147483647;
			files = (
				3A5C4410231573FC004442E4 /* LaunchScreen.storyboard in Resources */,
				3A5C440D231573FC004442E4 /* Assets.xcassets in Resources */,
			);
			runOnlyForDeploymentPostprocessing = 0;
		};
/* End PBXResourcesBuildPhase section */

/* Begin PBXSourcesBuildPhase section */
		3A5C43FE231573FB004442E4 /* Sources */ = {
			isa = PBXSourcesBuildPhase;
			buildActionMask = 2147483647;
			files = (
				3A5C441C23157903004442E4 /* CollectionItem.swift in Sources */,
				3A5C441A23157893004442E4 /* TableViewCell.swift in Sources */,
				3A5C441E23157BD4004442E4 /* CollectionViewCell.swift in Sources */,
				3A5C4418231577B6004442E4 /* ListItem.swift in Sources */,
				3A5C4408231573FB004442E4 /* ViewController.swift in Sources */,
				3A5C44202315A4F8004442E4 /* DynamicCollectionView.swift in Sources */,
				3A5C4406231573FB004442E4 /* AppDelegate.swift in Sources */,
			);
			runOnlyForDeploymentPostprocessing = 0;
		};
/* End PBXSourcesBuildPhase section */

/* Begin PBXVariantGroup section */
		3A5C440E231573FC004442E4 /* LaunchScreen.storyboard */ = {
			isa = PBXVariantGroup;
			children = (
				3A5C440F231573FC004442E4 /* Base */,
			);
			name = LaunchScreen.storyboard;
			sourceTree = "<group>";
		};
/* End PBXVariantGroup section */

/* Begin XCBuildConfiguration section */
		3A5C4412231573FC004442E4 /* Debug */ = {
			isa = XCBuildConfiguration;
			buildSettings = {
				ALWAYS_SEARCH_USER_PATHS = NO;
				CLANG_ANALYZER_NONNULL = YES;
				CLANG_ANALYZER_NUMBER_OBJECT_CONVERSION = YES_AGGRESSIVE;
				CLANG_CXX_LANGUAGE_STANDARD = "gnu++14";
				CLANG_CXX_LIBRARY = "libc++";
				CLANG_ENABLE_MODULES = YES;
				CLANG_ENABLE_OBJC_ARC = YES;
				CLANG_ENABLE_OBJC_WEAK = YES;
				CLANG_WARN_BLOCK_CAPTURE_AUTORELEASING = YES;
				CLANG_WARN_BOOL_CONVERSION = YES;
				CLANG_WARN_COMMA = YES;
				CLANG_WARN_CONSTANT_CONVERSION = YES;
				CLANG_WARN_DEPRECATED_OBJC_IMPLEMENTATIONS = YES;
				CLANG_WARN_DIRECT_OBJC_ISA_USAGE = YES_ERROR;
				CLANG_WARN_DOCUMENTATION_COMMENTS = YES;
				CLANG_WARN_EMPTY_BODY = YES;
				CLANG_WARN_ENUM_CONVERSION = YES;
				CLANG_WARN_INFINITE_RECURSION = YES;
				CLANG_WARN_INT_CONVERSION = YES;
				CLANG_WARN_NON_LITERAL_NULL_CONVERSION = YES;
				CLANG_WARN_OBJC_IMPLICIT_RETAIN_SELF = YES;
				CLANG_WARN_OBJC_LITERAL_CONVERSION = YES;
				CLANG_WARN_OBJC_ROOT_CLASS = YES_ERROR;
				CLANG_WARN_RANGE_LOOP_ANALYSIS = YES;
				CLANG_WARN_STRICT_PROTOTYPES = YES;
				CLANG_WARN_SUSPICIOUS_MOVE = YES;
				CLANG_WARN_UNGUARDED_AVAILABILITY = YES_AGGRESSIVE;
				CLANG_WARN_UNREACHABLE_CODE = YES;
				CLANG_WARN__DUPLICATE_METHOD_MATCH = YES;
				CODE_SIGN_IDENTITY = "iPhone Developer";
				COPY_PHASE_STRIP = NO;
				DEBUG_INFORMATION_FORMAT = dwarf;
				ENABLE_STRICT_OBJC_MSGSEND = YES;
				ENABLE_TESTABILITY = YES;
				GCC_C_LANGUAGE_STANDARD = gnu11;
				GCC_DYNAMIC_NO_PIC = NO;
				GCC_NO_COMMON_BLOCKS = YES;
				GCC_OPTIMIZATION_LEVEL = 0;
				GCC_PREPROCESSOR_DEFINITIONS = (
					"DEBUG=1",
					"$(inherited)",
				);
				GCC_WARN_64_TO_32_BIT_CONVERSION = YES;
				GCC_WARN_ABOUT_RETURN_TYPE = YES_ERROR;
				GCC_WARN_UNDECLARED_SELECTOR = YES;
				GCC_WARN_UNINITIALIZED_AUTOS = YES_AGGRESSIVE;
				GCC_WARN_UNUSED_FUNCTION = YES;
				GCC_WARN_UNUSED_VARIABLE = YES;
				IPHONEOS_DEPLOYMENT_TARGET = 9.0;
				MTL_ENABLE_DEBUG_INFO = INCLUDE_SOURCE;
				MTL_FAST_MATH = YES;
				ONLY_ACTIVE_ARCH = YES;
				SDKROOT = iphoneos;
				SWIFT_ACTIVE_COMPILATION_CONDITIONS = DEBUG;
				SWIFT_OPTIMIZATION_LEVEL = "-Onone";
			};
			name = Debug;
		};
		3A5C4413231573FC004442E4 /* Release */ = {
			isa = XCBuildConfiguration;
			buildSettings = {
				ALWAYS_SEARCH_USER_PATHS = NO;
				CLANG_ANALYZER_NONNULL = YES;
				CLANG_ANALYZER_NUMBER_OBJECT_CONVERSION = YES_AGGRESSIVE;
				CLANG_CXX_LANGUAGE_STANDARD = "gnu++14";
				CLANG_CXX_LIBRARY = "libc++";
				CLANG_ENABLE_MODULES = YES;
				CLANG_ENABLE_OBJC_ARC = YES;
				CLANG_ENABLE_OBJC_WEAK = YES;
				CLANG_WARN_BLOCK_CAPTURE_AUTORELEASING = YES;
				CLANG_WARN_BOOL_CONVERSION = YES;
				CLANG_WARN_COMMA = YES;
				CLANG_WARN_CONSTANT_CONVERSION = YES;
				CLANG_WARN_DEPRECATED_OBJC_IMPLEMENTATIONS = YES;
				CLANG_WARN_DIRECT_OBJC_ISA_USAGE = YES_ERROR;
				CLANG_WARN_DOCUMENTATION_COMMENTS = YES;
				CLANG_WARN_EMPTY_BODY = YES;
				CLANG_WARN_ENUM_CONVERSION = YES;
				CLANG_WARN_INFINITE_RECURSION = YES;
				CLANG_WARN_INT_CONVERSION = YES;
				CLANG_WARN_NON_LITERAL_NULL_CONVERSION = YES;
				CLANG_WARN_OBJC_IMPLICIT_RETAIN_SELF = YES;
				CLANG_WARN_OBJC_LITERAL_CONVERSION = YES;
				CLANG_WARN_OBJC_ROOT_CLASS = YES_ERROR;
				CLANG_WARN_RANGE_LOOP_ANALYSIS = YES;
				CLANG_WARN_STRICT_PROTOTYPES = YES;
				CLANG_WARN_SUSPICIOUS_MOVE = YES;
				CLANG_WARN_UNGUARDED_AVAILABILITY = YES_AGGRESSIVE;
				CLANG_WARN_UNREACHABLE_CODE = YES;
				CLANG_WARN__DUPLICATE_METHOD_MATCH = YES;
				CODE_SIGN_IDENTITY = "iPhone Developer";
				COPY_PHASE_STRIP = NO;
				DEBUG_INFORMATION_FORMAT = "dwarf-with-dsym";
				ENABLE_NS_ASSERTIONS = NO;
				ENABLE_STRICT_OBJC_MSGSEND = YES;
				GCC_C_LANGUAGE_STANDARD = gnu11;
				GCC_NO_COMMON_BLOCKS = YES;
				GCC_WARN_64_TO_32_BIT_CONVERSION = YES;
				GCC_WARN_ABOUT_RETURN_TYPE = YES_ERROR;
				GCC_WARN_UNDECLARED_SELECTOR = YES;
				GCC_WARN_UNINITIALIZED_AUTOS = YES_AGGRESSIVE;
				GCC_WARN_UNUSED_FUNCTION = YES;
				GCC_WARN_UNUSED_VARIABLE = YES;
				IPHONEOS_DEPLOYMENT_TARGET = 9.0;
				MTL_ENABLE_DEBUG_INFO = NO;
				MTL_FAST_MATH = YES;
				SDKROOT = iphoneos;
				SWIFT_COMPILATION_MODE = wholemodule;
				SWIFT_OPTIMIZATION_LEVEL = "-O";
				VALIDATE_PRODUCT = YES;
			};
			name = Release;
		};
		3A5C4415231573FC004442E4 /* Debug */ = {
			isa = XCBuildConfiguration;
			buildSettings = {
				ASSETCATALOG_COMPILER_APPICON_NAME = AppIcon;
				CODE_SIGN_STYLE = Automatic;
				DEVELOPMENT_TEAM = 99AHAA343Q;
				INFOPLIST_FILE = TableWithCollection/Info.plist;
				LD_RUNPATH_SEARCH_PATHS = (
					"$(inherited)",
					"@executable_path/Frameworks",
				);
				PRODUCT_BUNDLE_IDENTIFIER = com.prsolucoes.tablewithcollection;
				PRODUCT_NAME = "$(TARGET_NAME)";
				SWIFT_VERSION = 5.0;
				TARGETED_DEVICE_FAMILY = "1,2";
			};
			name = Debug;
		};
		3A5C4416231573FC004442E4 /* Release */ = {
			isa = XCBuildConfiguration;
			buildSettings = {
				ASSETCATALOG_COMPILER_APPICON_NAME = AppIcon;
				CODE_SIGN_STYLE = Automatic;
				DEVELOPMENT_TEAM = 99AHAA343Q;
				INFOPLIST_FILE = TableWithCollection/Info.plist;
				LD_RUNPATH_SEARCH_PATHS = (
					"$(inherited)",
					"@executable_path/Frameworks",
				);
				PRODUCT_BUNDLE_IDENTIFIER = com.prsolucoes.tablewithcollection;
				PRODUCT_NAME = "$(TARGET_NAME)";
				SWIFT_VERSION = 5.0;
				TARGETED_DEVICE_FAMILY = "1,2";
			};
			name = Release;
		};
/* End XCBuildConfiguration section */

/* Begin XCConfigurationList section */
		3A5C43FD231573FB004442E4 /* Build configuration list for PBXProject "TableWithCollection" */ = {
			isa = XCConfigurationList;
			buildConfigurations = (
				3A5C4412231573FC004442E4 /* Debug */,
				3A5C4413231573FC004442E4 /* Release */,
			);
			defaultConfigurationIsVisible = 0;
			defaultConfigurationName = Release;
		};
		3A5C4414231573FC004442E4 /* Build configuration list for PBXNativeTarget "TableWithCollection" */ = {
			isa = XCConfigurationList;
			buildConfigurations = (
				3A5C4415231573FC004442E4 /* Debug */,
				3A5C4416231573FC004442E4 /* Release */,
			);
			defaultConfigurationIsVisible = 0;
			defaultConfigurationName = Release;
		};
/* End XCConfigurationList section */
	};
	rootObject = 3A5C43FA231573FB004442E4 /* Project object */;
}
